// !$*UTF8*$!
{
	archiveVersion = 1;
	classes = {
	};
	objectVersion = 56;
	objects = {

/* Begin PBXBuildFile section */
		402EDFDD29CC0E3A0090B5F0 /* WeatherApp.swift in Sources */ = {isa = PBXBuildFile; fileRef = 402EDFDC29CC0E3A0090B5F0 /* WeatherApp.swift */; };
		402EDFDF29CC0E3A0090B5F0 /* ContentView.swift in Sources */ = {isa = PBXBuildFile; fileRef = 402EDFDE29CC0E3A0090B5F0 /* ContentView.swift */; };
		402EDFE129CC0E3B0090B5F0 /* Assets.xcassets in Resources */ = {isa = PBXBuildFile; fileRef = 402EDFE029CC0E3B0090B5F0 /* Assets.xcassets */; };
		402EDFE429CC0E3B0090B5F0 /* Preview Assets.xcassets in Resources */ = {isa = PBXBuildFile; fileRef = 402EDFE329CC0E3B0090B5F0 /* Preview Assets.xcassets */; };
		402EDFEE29CC0E3B0090B5F0 /* WeatherTests.swift in Sources */ = {isa = PBXBuildFile; fileRef = 402EDFED29CC0E3B0090B5F0 /* WeatherTests.swift */; };
		402EDFF829CC0E3B0090B5F0 /* WeatherUITests.swift in Sources */ = {isa = PBXBuildFile; fileRef = 402EDFF729CC0E3B0090B5F0 /* WeatherUITests.swift */; };
		402EDFFA29CC0E3B0090B5F0 /* WeatherUITestsLaunchTests.swift in Sources */ = {isa = PBXBuildFile; fileRef = 402EDFF929CC0E3B0090B5F0 /* WeatherUITestsLaunchTests.swift */; };
		402EE00929CC273C0090B5F0 /* WeatherButton.swift in Sources */ = {isa = PBXBuildFile; fileRef = 402EE00829CC273C0090B5F0 /* WeatherButton.swift */; };
		402EE00E29CC35190090B5F0 /* WeatherDayView.swift in Sources */ = {isa = PBXBuildFile; fileRef = 402EE00D29CC35190090B5F0 /* WeatherDayView.swift */; };
		402EE01029CC35400090B5F0 /* BackgroundView.swift in Sources */ = {isa = PBXBuildFile; fileRef = 402EE00F29CC35400090B5F0 /* BackgroundView.swift */; };
		402EE01229CC355D0090B5F0 /* CityTextView.swift in Sources */ = {isa = PBXBuildFile; fileRef = 402EE01129CC355D0090B5F0 /* CityTextView.swift */; };
		402EE01429CC357A0090B5F0 /* MainWeatherStatusView.swift in Sources */ = {isa = PBXBuildFile; fileRef = 402EE01329CC357A0090B5F0 /* MainWeatherStatusView.swift */; };
		402EE01729CC3AA70090B5F0 /* DayModel.swift in Sources */ = {isa = PBXBuildFile; fileRef = 402EE01629CC3AA70090B5F0 /* DayModel.swift */; };
		402EE01A29CC3AF60090B5F0 /* WeatherDatas.swift in Sources */ = {isa = PBXBuildFile; fileRef = 402EE01929CC3AF60090B5F0 /* WeatherDatas.swift */; };
		405635FC29CCB31100B21B2A /* MainScreenView.swift in Sources */ = {isa = PBXBuildFile; fileRef = 405635FB29CCB31100B21B2A /* MainScreenView.swift */; };
/* End PBXBuildFile section */

/* Begin PBXContainerItemProxy section */
		402EDFEA29CC0E3B0090B5F0 /* PBXContainerItemProxy */ = {
			isa = PBXContainerItemProxy;
			containerPortal = 402EDFD129CC0E3A0090B5F0 /* Project object */;
			proxyType = 1;
			remoteGlobalIDString = 402EDFD829CC0E3A0090B5F0;
			remoteInfo = Weather;
		};
		402EDFF429CC0E3B0090B5F0 /* PBXContainerItemProxy */ = {
			isa = PBXContainerItemProxy;
			containerPortal = 402EDFD129CC0E3A0090B5F0 /* Project object */;
			proxyType = 1;
			remoteGlobalIDString = 402EDFD829CC0E3A0090B5F0;
			remoteInfo = Weather;
		};
/* End PBXContainerItemProxy section */

/* Begin PBXFileReference section */
		402EDFD929CC0E3A0090B5F0 /* Weather.app */ = {isa = PBXFileReference; explicitFileType = wrapper.application; includeInIndex = 0; path = Weather.app; sourceTree = BUILT_PRODUCTS_DIR; };
		402EDFDC29CC0E3A0090B5F0 /* WeatherApp.swift */ = {isa = PBXFileReference; lastKnownFileType = sourcecode.swift; path = WeatherApp.swift; sourceTree = "<group>"; };
		402EDFDE29CC0E3A0090B5F0 /* ContentView.swift */ = {isa = PBXFileReference; lastKnownFileType = sourcecode.swift; path = ContentView.swift; sourceTree = "<group>"; };
		402EDFE029CC0E3B0090B5F0 /* Assets.xcassets */ = {isa = PBXFileReference; lastKnownFileType = folder.assetcatalog; path = Assets.xcassets; sourceTree = "<group>"; };
		402EDFE329CC0E3B0090B5F0 /* Preview Assets.xcassets */ = {isa = PBXFileReference; lastKnownFileType = folder.assetcatalog; path = "Preview Assets.xcassets"; sourceTree = "<group>"; };
		402EDFE929CC0E3B0090B5F0 /* WeatherTests.xctest */ = {isa = PBXFileReference; explicitFileType = wrapper.cfbundle; includeInIndex = 0; path = WeatherTests.xctest; sourceTree = BUILT_PRODUCTS_DIR; };
		402EDFED29CC0E3B0090B5F0 /* WeatherTests.swift */ = {isa = PBXFileReference; lastKnownFileType = sourcecode.swift; path = WeatherTests.swift; sourceTree = "<group>"; };
		402EDFF329CC0E3B0090B5F0 /* WeatherUITests.xctest */ = {isa = PBXFileReference; explicitFileType = wrapper.cfbundle; includeInIndex = 0; path = WeatherUITests.xctest; sourceTree = BUILT_PRODUCTS_DIR; };
		402EDFF729CC0E3B0090B5F0 /* WeatherUITests.swift */ = {isa = PBXFileReference; lastKnownFileType = sourcecode.swift; path = WeatherUITests.swift; sourceTree = "<group>"; };
		402EDFF929CC0E3B0090B5F0 /* WeatherUITestsLaunchTests.swift */ = {isa = PBXFileReference; lastKnownFileType = sourcecode.swift; path = WeatherUITestsLaunchTests.swift; sourceTree = "<group>"; };
		402EE00829CC273C0090B5F0 /* WeatherButton.swift */ = {isa = PBXFileReference; lastKnownFileType = sourcecode.swift; path = WeatherButton.swift; sourceTree = "<group>"; };
		402EE00C29CC342A0090B5F0 /* Info.plist */ = {isa = PBXFileReference; lastKnownFileType = text.plist; path = Info.plist; sourceTree = "<group>"; };
		402EE00D29CC35190090B5F0 /* WeatherDayView.swift */ = {isa = PBXFileReference; lastKnownFileType = sourcecode.swift; path = WeatherDayView.swift; sourceTree = "<group>"; };
		402EE00F29CC35400090B5F0 /* BackgroundView.swift */ = {isa = PBXFileReference; lastKnownFileType = sourcecode.swift; path = BackgroundView.swift; sourceTree = "<group>"; };
		402EE01129CC355D0090B5F0 /* CityTextView.swift */ = {isa = PBXFileReference; lastKnownFileType = sourcecode.swift; path = CityTextView.swift; sourceTree = "<group>"; };
		402EE01329CC357A0090B5F0 /* MainWeatherStatusView.swift */ = {isa = PBXFileReference; lastKnownFileType = sourcecode.swift; path = MainWeatherStatusView.swift; sourceTree = "<group>"; };
		402EE01629CC3AA70090B5F0 /* DayModel.swift */ = {isa = PBXFileReference; lastKnownFileType = sourcecode.swift; path = DayModel.swift; sourceTree = "<group>"; };
		402EE01929CC3AF60090B5F0 /* WeatherDatas.swift */ = {isa = PBXFileReference; lastKnownFileType = sourcecode.swift; path = WeatherDatas.swift; sourceTree = "<group>"; };
		405635FB29CCB31100B21B2A /* MainScreenView.swift */ = {isa = PBXFileReference; lastKnownFileType = sourcecode.swift; path = MainScreenView.swift; sourceTree = "<group>"; };
/* End PBXFileReference section */

/* Begin PBXFrameworksBuildPhase section */
		402EDFD629CC0E3A0090B5F0 /* Frameworks */ = {
			isa = PBXFrameworksBuildPhase;
			buildActionMask = 2147483647;
			files = (
			);
			runOnlyForDeploymentPostprocessing = 0;
		};
		402EDFE629CC0E3B0090B5F0 /* Frameworks */ = {
			isa = PBXFrameworksBuildPhase;
			buildActionMask = 2147483647;
			files = (
			);
			runOnlyForDeploymentPostprocessing = 0;
		};
		402EDFF029CC0E3B0090B5F0 /* Frameworks */ = {
			isa = PBXFrameworksBuildPhase;
			buildActionMask = 2147483647;
			files = (
			);
			runOnlyForDeploymentPostprocessing = 0;
		};
/* End PBXFrameworksBuildPhase section */

/* Begin PBXGroup section */
		402EDFD029CC0E3A0090B5F0 = {
			isa = PBXGroup;
			children = (
				402EDFDB29CC0E3A0090B5F0 /* Weather */,
				402EDFEC29CC0E3B0090B5F0 /* WeatherTests */,
				402EDFF629CC0E3B0090B5F0 /* WeatherUITests */,
				402EDFDA29CC0E3A0090B5F0 /* Products */,
			);
			sourceTree = "<group>";
		};
		402EDFDA29CC0E3A0090B5F0 /* Products */ = {
			isa = PBXGroup;
			children = (
				402EDFD929CC0E3A0090B5F0 /* Weather.app */,
				402EDFE929CC0E3B0090B5F0 /* WeatherTests.xctest */,
				402EDFF329CC0E3B0090B5F0 /* WeatherUITests.xctest */,
			);
			name = Products;
			sourceTree = "<group>";
		};
		402EDFDB29CC0E3A0090B5F0 /* Weather */ = {
			isa = PBXGroup;
			children = (
				405635F829CCB27600B21B2A /* Screens */,
				402EE01829CC3ADF0090B5F0 /* Datas */,
				402EE01529CC3A7B0090B5F0 /* Models */,
				402EE00C29CC342A0090B5F0 /* Info.plist */,
				402EE00B29CC2BA10090B5F0 /* Views */,
				402EDFDC29CC0E3A0090B5F0 /* WeatherApp.swift */,
				402EDFDE29CC0E3A0090B5F0 /* ContentView.swift */,
				402EDFE029CC0E3B0090B5F0 /* Assets.xcassets */,
				402EDFE229CC0E3B0090B5F0 /* Preview Content */,
			);
			path = Weather;
			sourceTree = "<group>";
		};
		402EDFE229CC0E3B0090B5F0 /* Preview Content */ = {
			isa = PBXGroup;
			children = (
				402EDFE329CC0E3B0090B5F0 /* Preview Assets.xcassets */,
			);
			path = "Preview Content";
			sourceTree = "<group>";
		};
		402EDFEC29CC0E3B0090B5F0 /* WeatherTests */ = {
			isa = PBXGroup;
			children = (
				402EDFED29CC0E3B0090B5F0 /* WeatherTests.swift */,
			);
			path = WeatherTests;
			sourceTree = "<group>";
		};
		402EDFF629CC0E3B0090B5F0 /* WeatherUITests */ = {
			isa = PBXGroup;
			children = (
				402EDFF729CC0E3B0090B5F0 /* WeatherUITests.swift */,
				402EDFF929CC0E3B0090B5F0 /* WeatherUITestsLaunchTests.swift */,
			);
			path = WeatherUITests;
			sourceTree = "<group>";
		};
		402EE00B29CC2BA10090B5F0 /* Views */ = {
			isa = PBXGroup;
			children = (
				402EE00829CC273C0090B5F0 /* WeatherButton.swift */,
				402EE00D29CC35190090B5F0 /* WeatherDayView.swift */,
				402EE00F29CC35400090B5F0 /* BackgroundView.swift */,
				402EE01129CC355D0090B5F0 /* CityTextView.swift */,
				402EE01329CC357A0090B5F0 /* MainWeatherStatusView.swift */,
			);
			path = Views;
			sourceTree = "<group>";
		};
		402EE01529CC3A7B0090B5F0 /* Models */ = {
			isa = PBXGroup;
			children = (
				402EE01629CC3AA70090B5F0 /* DayModel.swift */,
			);
			path = Models;
			sourceTree = "<group>";
		};
		402EE01829CC3ADF0090B5F0 /* Datas */ = {
			isa = PBXGroup;
			children = (
				402EE01929CC3AF60090B5F0 /* WeatherDatas.swift */,
			);
			path = Datas;
			sourceTree = "<group>";
		};
		405635F829CCB27600B21B2A /* Screens */ = {
			isa = PBXGroup;
			children = (
				405635FB29CCB31100B21B2A /* MainScreenView.swift */,
			);
			path = Screens;
			sourceTree = "<group>";
		};
/* End PBXGroup section */

/* Begin PBXNativeTarget section */
		402EDFD829CC0E3A0090B5F0 /* Weather */ = {
			isa = PBXNativeTarget;
			buildConfigurationList = 402EDFFD29CC0E3B0090B5F0 /* Build configuration list for PBXNativeTarget "Weather" */;
			buildPhases = (
				402EDFD529CC0E3A0090B5F0 /* Sources */,
				402EDFD629CC0E3A0090B5F0 /* Frameworks */,
				402EDFD729CC0E3A0090B5F0 /* Resources */,
			);
			buildRules = (
			);
			dependencies = (
			);
			name = Weather;
			productName = Weather;
			productReference = 402EDFD929CC0E3A0090B5F0 /* Weather.app */;
			productType = "com.apple.product-type.application";
		};
		402EDFE829CC0E3B0090B5F0 /* WeatherTests */ = {
			isa = PBXNativeTarget;
			buildConfigurationList = 402EE00029CC0E3B0090B5F0 /* Build configuration list for PBXNativeTarget "WeatherTests" */;
			buildPhases = (
				402EDFE529CC0E3B0090B5F0 /* Sources */,
				402EDFE629CC0E3B0090B5F0 /* Frameworks */,
				402EDFE729CC0E3B0090B5F0 /* Resources */,
			);
			buildRules = (
			);
			dependencies = (
				402EDFEB29CC0E3B0090B5F0 /* PBXTargetDependency */,
			);
			name = WeatherTests;
			productName = WeatherTests;
			productReference = 402EDFE929CC0E3B0090B5F0 /* WeatherTests.xctest */;
			productType = "com.apple.product-type.bundle.unit-test";
		};
		402EDFF229CC0E3B0090B5F0 /* WeatherUITests */ = {
			isa = PBXNativeTarget;
			buildConfigurationList = 402EE00329CC0E3B0090B5F0 /* Build configuration list for PBXNativeTarget "WeatherUITests" */;
			buildPhases = (
				402EDFEF29CC0E3B0090B5F0 /* Sources */,
				402EDFF029CC0E3B0090B5F0 /* Frameworks */,
				402EDFF129CC0E3B0090B5F0 /* Resources */,
			);
			buildRules = (
			);
			dependencies = (
				402EDFF529CC0E3B0090B5F0 /* PBXTargetDependency */,
			);
			name = WeatherUITests;
			productName = WeatherUITests;
			productReference = 402EDFF329CC0E3B0090B5F0 /* WeatherUITests.xctest */;
			productType = "com.apple.product-type.bundle.ui-testing";
		};
/* End PBXNativeTarget section */

/* Begin PBXProject section */
		402EDFD129CC0E3A0090B5F0 /* Project object */ = {
			isa = PBXProject;
			attributes = {
				BuildIndependentTargetsInParallel = 1;
				LastSwiftUpdateCheck = 1420;
				LastUpgradeCheck = 1420;
				TargetAttributes = {
					402EDFD829CC0E3A0090B5F0 = {
						CreatedOnToolsVersion = 14.2;
					};
					402EDFE829CC0E3B0090B5F0 = {
						CreatedOnToolsVersion = 14.2;
						TestTargetID = 402EDFD829CC0E3A0090B5F0;
					};
					402EDFF229CC0E3B0090B5F0 = {
						CreatedOnToolsVersion = 14.2;
						TestTargetID = 402EDFD829CC0E3A0090B5F0;
					};
				};
			};
			buildConfigurationList = 402EDFD429CC0E3A0090B5F0 /* Build configuration list for PBXProject "Weather" */;
			compatibilityVersion = "Xcode 14.0";
			developmentRegion = en;
			hasScannedForEncodings = 0;
			knownRegions = (
				en,
				Base,
			);
			mainGroup = 402EDFD029CC0E3A0090B5F0;
			productRefGroup = 402EDFDA29CC0E3A0090B5F0 /* Products */;
			projectDirPath = "";
			projectRoot = "";
			targets = (
				402EDFD829CC0E3A0090B5F0 /* Weather */,
				402EDFE829CC0E3B0090B5F0 /* WeatherTests */,
				402EDFF229CC0E3B0090B5F0 /* WeatherUITests */,
			);
		};
/* End PBXProject section */

/* Begin PBXResourcesBuildPhase section */
		402EDFD729CC0E3A0090B5F0 /* Resources */ = {
			isa = PBXResourcesBuildPhase;
			buildActionMask = 2147483647;
			files = (
				402EDFE429CC0E3B0090B5F0 /* Preview Assets.xcassets in Resources */,
				402EDFE129CC0E3B0090B5F0 /* Assets.xcassets in Resources */,
			);
			runOnlyForDeploymentPostprocessing = 0;
		};
		402EDFE729CC0E3B0090B5F0 /* Resources */ = {
			isa = PBXResourcesBuildPhase;
			buildActionMask = 2147483647;
			files = (
			);
			runOnlyForDeploymentPostprocessing = 0;
		};
		402EDFF129CC0E3B0090B5F0 /* Resources */ = {
			isa = PBXResourcesBuildPhase;
			buildActionMask = 2147483647;
			files = (
			);
			runOnlyForDeploymentPostprocessing = 0;
		};
/* End PBXResourcesBuildPhase section */

/* Begin PBXSourcesBuildPhase section */
		402EDFD529CC0E3A0090B5F0 /* Sources */ = {
			isa = PBXSourcesBuildPhase;
			buildActionMask = 2147483647;
			files = (
				402EE01729CC3AA70090B5F0 /* DayModel.swift in Sources */,
				405635FC29CCB31100B21B2A /* MainScreenView.swift in Sources */,
				402EE01A29CC3AF60090B5F0 /* WeatherDatas.swift in Sources */,
				402EE01029CC35400090B5F0 /* BackgroundView.swift in Sources */,
				402EE00E29CC35190090B5F0 /* WeatherDayView.swift in Sources */,
				402EE01229CC355D0090B5F0 /* CityTextView.swift in Sources */,
				402EDFDF29CC0E3A0090B5F0 /* ContentView.swift in Sources */,
				402EDFDD29CC0E3A0090B5F0 /* WeatherApp.swift in Sources */,
				402EE00929CC273C0090B5F0 /* WeatherButton.swift in Sources */,
				402EE01429CC357A0090B5F0 /* MainWeatherStatusView.swift in Sources */,
			);
			runOnlyForDeploymentPostprocessing = 0;
		};
		402EDFE529CC0E3B0090B5F0 /* Sources */ = {
			isa = PBXSourcesBuildPhase;
			buildActionMask = 2147483647;
			files = (
				402EDFEE29CC0E3B0090B5F0 /* WeatherTests.swift in Sources */,
			);
			runOnlyForDeploymentPostprocessing = 0;
		};
		402EDFEF29CC0E3B0090B5F0 /* Sources */ = {
			isa = PBXSourcesBuildPhase;
			buildActionMask = 2147483647;
			files = (
				402EDFF829CC0E3B0090B5F0 /* WeatherUITests.swift in Sources */,
				402EDFFA29CC0E3B0090B5F0 /* WeatherUITestsLaunchTests.swift in Sources */,
			);
			runOnlyForDeploymentPostprocessing = 0;
		};
/* End PBXSourcesBuildPhase section */

/* Begin PBXTargetDependency section */
		402EDFEB29CC0E3B0090B5F0 /* PBXTargetDependency */ = {
			isa = PBXTargetDependency;
			target = 402EDFD829CC0E3A0090B5F0 /* Weather */;
			targetProxy = 402EDFEA29CC0E3B0090B5F0 /* PBXContainerItemProxy */;
		};
		402EDFF529CC0E3B0090B5F0 /* PBXTargetDependency */ = {
			isa = PBXTargetDependency;
			target = 402EDFD829CC0E3A0090B5F0 /* Weather */;
			targetProxy = 402EDFF429CC0E3B0090B5F0 /* PBXContainerItemProxy */;
		};
/* End PBXTargetDependency section */

/* Begin XCBuildConfiguration section */
		402EDFFB29CC0E3B0090B5F0 /* Debug */ = {
			isa = XCBuildConfiguration;
			buildSettings = {
				ALWAYS_SEARCH_USER_PATHS = NO;
				CLANG_ANALYZER_NONNULL = YES;
				CLANG_ANALYZER_NUMBER_OBJECT_CONVERSION = YES_AGGRESSIVE;
				CLANG_CXX_LANGUAGE_STANDARD = "gnu++20";
				CLANG_ENABLE_MODULES = YES;
				CLANG_ENABLE_OBJC_ARC = YES;
				CLANG_ENABLE_OBJC_WEAK = YES;
				CLANG_WARN_BLOCK_CAPTURE_AUTORELEASING = YES;
				CLANG_WARN_BOOL_CONVERSION = YES;
				CLANG_WARN_COMMA = YES;
				CLANG_WARN_CONSTANT_CONVERSION = YES;
				CLANG_WARN_DEPRECATED_OBJC_IMPLEMENTATIONS = YES;
				CLANG_WARN_DIRECT_OBJC_ISA_USAGE = YES_ERROR;
				CLANG_WARN_DOCUMENTATION_COMMENTS = YES;
				CLANG_WARN_EMPTY_BODY = YES;
				CLANG_WARN_ENUM_CONVERSION = YES;
				CLANG_WARN_INFINITE_RECURSION = YES;
				CLANG_WARN_INT_CONVERSION = YES;
				CLANG_WARN_NON_LITERAL_NULL_CONVERSION = YES;
				CLANG_WARN_OBJC_IMPLICIT_RETAIN_SELF = YES;
				CLANG_WARN_OBJC_LITERAL_CONVERSION = YES;
				CLANG_WARN_OBJC_ROOT_CLASS = YES_ERROR;
				CLANG_WARN_QUOTED_INCLUDE_IN_FRAMEWORK_HEADER = YES;
				CLANG_WARN_RANGE_LOOP_ANALYSIS = YES;
				CLANG_WARN_STRICT_PROTOTYPES = YES;
				CLANG_WARN_SUSPICIOUS_MOVE = YES;
				CLANG_WARN_UNGUARDED_AVAILABILITY = YES_AGGRESSIVE;
				CLANG_WARN_UNREACHABLE_CODE = YES;
				CLANG_WARN__DUPLICATE_METHOD_MATCH = YES;
				COPY_PHASE_STRIP = NO;
				DEBUG_INFORMATION_FORMAT = dwarf;
				ENABLE_STRICT_OBJC_MSGSEND = YES;
				ENABLE_TESTABILITY = YES;
				GCC_C_LANGUAGE_STANDARD = gnu11;
				GCC_DYNAMIC_NO_PIC = NO;
				GCC_NO_COMMON_BLOCKS = YES;
				GCC_OPTIMIZATION_LEVEL = 0;
				GCC_PREPROCESSOR_DEFINITIONS = (
					"DEBUG=1",
					"$(inherited)",
				);
				GCC_WARN_64_TO_32_BIT_CONVERSION = YES;
				GCC_WARN_ABOUT_RETURN_TYPE = YES_ERROR;
				GCC_WARN_UNDECLARED_SELECTOR = YES;
				GCC_WARN_UNINITIALIZED_AUTOS = YES_AGGRESSIVE;
				GCC_WARN_UNUSED_FUNCTION = YES;
				GCC_WARN_UNUSED_VARIABLE = YES;
				IPHONEOS_DEPLOYMENT_TARGET = 16.2;
				MTL_ENABLE_DEBUG_INFO = INCLUDE_SOURCE;
				MTL_FAST_MATH = YES;
				ONLY_ACTIVE_ARCH = YES;
				SDKROOT = iphoneos;
				SWIFT_ACTIVE_COMPILATION_CONDITIONS = DEBUG;
				SWIFT_OPTIMIZATION_LEVEL = "-Onone";
			};
			name = Debug;
		};
		402EDFFC29CC0E3B0090B5F0 /* Release */ = {
			isa = XCBuildConfiguration;
			buildSettings = {
				ALWAYS_SEARCH_USER_PATHS = NO;
				CLANG_ANALYZER_NONNULL = YES;
				CLANG_ANALYZER_NUMBER_OBJECT_CONVERSION = YES_AGGRESSIVE;
				CLANG_CXX_LANGUAGE_STANDARD = "gnu++20";
				CLANG_ENABLE_MODULES = YES;
				CLANG_ENABLE_OBJC_ARC = YES;
				CLANG_ENABLE_OBJC_WEAK = YES;
				CLANG_WARN_BLOCK_CAPTURE_AUTORELEASING = YES;
				CLANG_WARN_BOOL_CONVERSION = YES;
				CLANG_WARN_COMMA = YES;
				CLANG_WARN_CONSTANT_CONVERSION = YES;
				CLANG_WARN_DEPRECATED_OBJC_IMPLEMENTATIONS = YES;
				CLANG_WARN_DIRECT_OBJC_ISA_USAGE = YES_ERROR;
				CLANG_WARN_DOCUMENTATION_COMMENTS = YES;
				CLANG_WARN_EMPTY_BODY = YES;
				CLANG_WARN_ENUM_CONVERSION = YES;
				CLANG_WARN_INFINITE_RECURSION = YES;
				CLANG_WARN_INT_CONVERSION = YES;
				CLANG_WARN_NON_LITERAL_NULL_CONVERSION = YES;
				CLANG_WARN_OBJC_IMPLICIT_RETAIN_SELF = YES;
				CLANG_WARN_OBJC_LITERAL_CONVERSION = YES;
				CLANG_WARN_OBJC_ROOT_CLASS = YES_ERROR;
				CLANG_WARN_QUOTED_INCLUDE_IN_FRAMEWORK_HEADER = YES;
				CLANG_WARN_RANGE_LOOP_ANALYSIS = YES;
				CLANG_WARN_STRICT_PROTOTYPES = YES;
				CLANG_WARN_SUSPICIOUS_MOVE = YES;
				CLANG_WARN_UNGUARDED_AVAILABILITY = YES_AGGRESSIVE;
				CLANG_WARN_UNREACHABLE_CODE = YES;
				CLANG_WARN__DUPLICATE_METHOD_MATCH = YES;
				COPY_PHASE_STRIP = NO;
				DEBUG_INFORMATION_FORMAT = "dwarf-with-dsym";
				ENABLE_NS_ASSERTIONS = NO;
				ENABLE_STRICT_OBJC_MSGSEND = YES;
				GCC_C_LANGUAGE_STANDARD = gnu11;
				GCC_NO_COMMON_BLOCKS = YES;
				GCC_WARN_64_TO_32_BIT_CONVERSION = YES;
				GCC_WARN_ABOUT_RETURN_TYPE = YES_ERROR;
				GCC_WARN_UNDECLARED_SELECTOR = YES;
				GCC_WARN_UNINITIALIZED_AUTOS = YES_AGGRESSIVE;
				GCC_WARN_UNUSED_FUNCTION = YES;
				GCC_WARN_UNUSED_VARIABLE = YES;
				IPHONEOS_DEPLOYMENT_TARGET = 16.2;
				MTL_ENABLE_DEBUG_INFO = NO;
				MTL_FAST_MATH = YES;
				SDKROOT = iphoneos;
				SWIFT_COMPILATION_MODE = wholemodule;
				SWIFT_OPTIMIZATION_LEVEL = "-O";
				VALIDATE_PRODUCT = YES;
			};
			name = Release;
		};
		402EDFFE29CC0E3B0090B5F0 /* Debug */ = {
			isa = XCBuildConfiguration;
			buildSettings = {
				ASSETCATALOG_COMPILER_APPICON_NAME = AppIcon;
				ASSETCATALOG_COMPILER_GLOBAL_ACCENT_COLOR_NAME = AccentColor;
				CODE_SIGN_STYLE = Automatic;
				CURRENT_PROJECT_VERSION = 1;
				DEVELOPMENT_ASSET_PATHS = "\"Weather/Preview Content\"";
				DEVELOPMENT_TEAM = M77LNCZ652;
				ENABLE_PREVIEWS = YES;
				GENERATE_INFOPLIST_FILE = YES;
				INFOPLIST_FILE = Weather/Info.plist;
				INFOPLIST_KEY_UIApplicationSupportsIndirectInputEvents = YES;
				INFOPLIST_KEY_UILaunchScreen_Generation = YES;
				INFOPLIST_KEY_UISupportedInterfaceOrientations_iPad = "UIInterfaceOrientationPortrait UIInterfaceOrientationPortraitUpsideDown UIInterfaceOrientationLandscapeLeft UIInterfaceOrientationLandscapeRight";
				INFOPLIST_KEY_UISupportedInterfaceOrientations_iPhone = "UIInterfaceOrientationPortrait UIInterfaceOrientationLandscapeLeft UIInterfaceOrientationLandscapeRight";
				LD_RUNPATH_SEARCH_PATHS = (
					"$(inherited)",
					"@executable_path/Frameworks",
				);
				MARKETING_VERSION = 1.0;
				PRODUCT_BUNDLE_IDENTIFIER = com.ginanjarsb.Weather;
				PRODUCT_NAME = "$(TARGET_NAME)";
				SWIFT_EMIT_LOC_STRINGS = YES;
				SWIFT_VERSION = 5.0;
				TARGETED_DEVICE_FAMILY = "1,2";
			};
			name = Debug;
		};
		402EDFFF29CC0E3B0090B5F0 /* Release */ = {
			isa = XCBuildConfiguration;
			buildSettings = {
				ASSETCATALOG_COMPILER_APPICON_NAME = AppIcon;
				ASSETCATALOG_COMPILER_GLOBAL_ACCENT_COLOR_NAME = AccentColor;
				CODE_SIGN_STYLE = Automatic;
				CURRENT_PROJECT_VERSION = 1;
				DEVELOPMENT_ASSET_PATHS = "\"Weather/Preview Content\"";
				DEVELOPMENT_TEAM = M77LNCZ652;
				ENABLE_PREVIEWS = YES;
				GENERATE_INFOPLIST_FILE = YES;
				INFOPLIST_FILE = Weather/Info.plist;
				INFOPLIST_KEY_UIApplicationSupportsIndirectInputEvents = YES;
				INFOPLIST_KEY_UILaunchScreen_Generation = YES;
				INFOPLIST_KEY_UISupportedInterfaceOrientations_iPad = "UIInterfaceOrientationPortrait UIInterfaceOrientationPortraitUpsideDown UIInterfaceOrientationLandscapeLeft UIInterfaceOrientationLandscapeRight";
				INFOPLIST_KEY_UISupportedInterfaceOrientations_iPhone = "UIInterfaceOrientationPortrait UIInterfaceOrientationLandscapeLeft UIInterfaceOrientationLandscapeRight";
				LD_RUNPATH_SEARCH_PATHS = (
					"$(inherited)",
					"@executable_path/Frameworks",
				);
				MARKETING_VERSION = 1.0;
				PRODUCT_BUNDLE_IDENTIFIER = com.ginanjarsb.Weather;
				PRODUCT_NAME = "$(TARGET_NAME)";
				SWIFT_EMIT_LOC_STRINGS = YES;
				SWIFT_VERSION = 5.0;
				TARGETED_DEVICE_FAMILY = "1,2";
			};
			name = Release;
		};
		402EE00129CC0E3B0090B5F0 /* Debug */ = {
			isa = XCBuildConfiguration;
			buildSettings = {
				ALWAYS_EMBED_SWIFT_STANDARD_LIBRARIES = YES;
				BUNDLE_LOADER = "$(TEST_HOST)";
				CODE_SIGN_STYLE = Automatic;
				CURRENT_PROJECT_VERSION = 1;
				DEVELOPMENT_TEAM = M77LNCZ652;
				GENERATE_INFOPLIST_FILE = YES;
				IPHONEOS_DEPLOYMENT_TARGET = 16.2;
				MARKETING_VERSION = 1.0;
				PRODUCT_BUNDLE_IDENTIFIER = com.ginanjarsb.WeatherTests;
				PRODUCT_NAME = "$(TARGET_NAME)";
				SWIFT_EMIT_LOC_STRINGS = NO;
				SWIFT_VERSION = 5.0;
				TARGETED_DEVICE_FAMILY = "1,2";
				TEST_HOST = "$(BUILT_PRODUCTS_DIR)/Weather.app/$(BUNDLE_EXECUTABLE_FOLDER_PATH)/Weather";
			};
			name = Debug;
		};
		402EE00229CC0E3B0090B5F0 /* Release */ = {
			isa = XCBuildConfiguration;
			buildSettings = {
				ALWAYS_EMBED_SWIFT_STANDARD_LIBRARIES = YES;
				BUNDLE_LOADER = "$(TEST_HOST)";
				CODE_SIGN_STYLE = Automatic;
				CURRENT_PROJECT_VERSION = 1;
				DEVELOPMENT_TEAM = M77LNCZ652;
				GENERATE_INFOPLIST_FILE = YES;
				IPHONEOS_DEPLOYMENT_TARGET = 16.2;
				MARKETING_VERSION = 1.0;
				PRODUCT_BUNDLE_IDENTIFIER = com.ginanjarsb.WeatherTests;
				PRODUCT_NAME = "$(TARGET_NAME)";
				SWIFT_EMIT_LOC_STRINGS = NO;
				SWIFT_VERSION = 5.0;
				TARGETED_DEVICE_FAMILY = "1,2";
				TEST_HOST = "$(BUILT_PRODUCTS_DIR)/Weather.app/$(BUNDLE_EXECUTABLE_FOLDER_PATH)/Weather";
			};
			name = Release;
		};
		402EE00429CC0E3B0090B5F0 /* Debug */ = {
			isa = XCBuildConfiguration;
			buildSettings = {
				ALWAYS_EMBED_SWIFT_STANDARD_LIBRARIES = YES;
				CODE_SIGN_STYLE = Automatic;
				CURRENT_PROJECT_VERSION = 1;
				DEVELOPMENT_TEAM = M77LNCZ652;
				GENERATE_INFOPLIST_FILE = YES;
				MARKETING_VERSION = 1.0;
				PRODUCT_BUNDLE_IDENTIFIER = com.ginanjarsb.WeatherUITests;
				PRODUCT_NAME = "$(TARGET_NAME)";
				SWIFT_EMIT_LOC_STRINGS = NO;
				SWIFT_VERSION = 5.0;
				TARGETED_DEVICE_FAMILY = "1,2";
				TEST_TARGET_NAME = Weather;
			};
			name = Debug;
		};
		402EE00529CC0E3B0090B5F0 /* Release */ = {
			isa = XCBuildConfiguration;
			buildSettings = {
				ALWAYS_EMBED_SWIFT_STANDARD_LIBRARIES = YES;
				CODE_SIGN_STYLE = Automatic;
				CURRENT_PROJECT_VERSION = 1;
				DEVELOPMENT_TEAM = M77LNCZ652;
				GENERATE_INFOPLIST_FILE = YES;
				MARKETING_VERSION = 1.0;
				PRODUCT_BUNDLE_IDENTIFIER = com.ginanjarsb.WeatherUITests;
				PRODUCT_NAME = "$(TARGET_NAME)";
				SWIFT_EMIT_LOC_STRINGS = NO;
				SWIFT_VERSION = 5.0;
				TARGETED_DEVICE_FAMILY = "1,2";
				TEST_TARGET_NAME = Weather;
			};
			name = Release;
		};
/* End XCBuildConfiguration section */

/* Begin XCConfigurationList section */
		402EDFD429CC0E3A0090B5F0 /* Build configuration list for PBXProject "Weather" */ = {
			isa = XCConfigurationList;
			buildConfigurations = (
				402EDFFB29CC0E3B0090B5F0 /* Debug */,
				402EDFFC29CC0E3B0090B5F0 /* Release */,
			);
			defaultConfigurationIsVisible = 0;
			defaultConfigurationName = Release;
		};
		402EDFFD29CC0E3B0090B5F0 /* Build configuration list for PBXNativeTarget "Weather" */ = {
			isa = XCConfigurationList;
			buildConfigurations = (
				402EDFFE29CC0E3B0090B5F0 /* Debug */,
				402EDFFF29CC0E3B0090B5F0 /* Release */,
			);
			defaultConfigurationIsVisible = 0;
			defaultConfigurationName = Release;
		};
		402EE00029CC0E3B0090B5F0 /* Build configuration list for PBXNativeTarget "WeatherTests" */ = {
			isa = XCConfigurationList;
			buildConfigurations = (
				402EE00129CC0E3B0090B5F0 /* Debug */,
				402EE00229CC0E3B0090B5F0 /* Release */,
			);
			defaultConfigurationIsVisible = 0;
			defaultConfigurationName = Release;
		};
		402EE00329CC0E3B0090B5F0 /* Build configuration list for PBXNativeTarget "WeatherUITests" */ = {
			isa = XCConfigurationList;
			buildConfigurations = (
				402EE00429CC0E3B0090B5F0 /* Debug */,
				402EE00529CC0E3B0090B5F0 /* Release */,
			);
			defaultConfigurationIsVisible = 0;
			defaultConfigurationName = Release;
		};
/* End XCConfigurationList section */
	};
	rootObject = 402EDFD129CC0E3A0090B5F0 /* Project object */;
}
